
Microsoft Visual Studio Solution File, Format Version 12.00
# Visual Studio Version 16
VisualStudioVersion = 16.0.31112.23
MinimumVisualStudioVersion = 10.0.40219.1
Project("{FAE04EC0-301F-11D3-BF4B-00C04F79EFBC}") = "ContaBancaria", "ContaBancaria\ContaBancaria.csproj", "{B4AF6FE9-DA12-45FE-AB61-705D01A03A6F}"
EndProject
Global
	GlobalSection(SolutionConfigurationPlatforms) = preSolution
		Debug|Any CPU = Debug|Any CPU
		Release|Any CPU = Release|Any CPU
	EndGlobalSection
	GlobalSection(ProjectConfigurationPlatforms) = postSolution
		{B4AF6FE9-DA12-45FE-AB61-705D01A03A6F}.Debug|Any CPU.ActiveCfg = Debug|Any CPU
		{B4AF6FE9-DA12-45FE-AB61-705D01A03A6F}.Debug|Any CPU.Build.0 = Debug|Any CPU
		{B4AF6FE9-DA12-45FE-AB61-705D01A03A6F}.Release|Any CPU.ActiveCfg = Release|Any CPU
		{B4AF6FE9-DA12-45FE-AB61-705D01A03A6F}.Release|Any CPU.Build.0 = Release|Any CPU
	EndGlobalSection
	GlobalSection(SolutionProperties) = preSolution
		HideSolutionNode = FALSE
	EndGlobalSection
	GlobalSection(ExtensibilityGlobals) = postSolution
		SolutionGuid = {F817B7D4-5F58-4EC7-9D92-259556AE7E02}
	EndGlobalSection
EndGlobal
