
Microsoft Visual Studio Solution File, Format Version 12.00
# Visual Studio Version 16
VisualStudioVersion = 16.0.31025.194
MinimumVisualStudioVersion = 10.0.40219.1
Project("{FAE04EC0-301F-11D3-BF4B-00C04F79EFBC}") = "ProjetoExercicio08032021", "ProjetoExercicio08032021\ProjetoExercicio08032021.csproj", "{A000FF83-24AF-4AE1-A953-6A065AB09261}"
EndProject
Global
	GlobalSection(SolutionConfigurationPlatforms) = preSolution
		Debug|Any CPU = Debug|Any CPU
		Release|Any CPU = Release|Any CPU
	EndGlobalSection
	GlobalSection(ProjectConfigurationPlatforms) = postSolution
		{A000FF83-24AF-4AE1-A953-6A065AB09261}.Debug|Any CPU.ActiveCfg = Debug|Any CPU
		{A000FF83-24AF-4AE1-A953-6A065AB09261}.Debug|Any CPU.Build.0 = Debug|Any CPU
		{A000FF83-24AF-4AE1-A953-6A065AB09261}.Release|Any CPU.ActiveCfg = Release|Any CPU
		{A000FF83-24AF-4AE1-A953-6A065AB09261}.Release|Any CPU.Build.0 = Release|Any CPU
	EndGlobalSection
	GlobalSection(SolutionProperties) = preSolution
		HideSolutionNode = FALSE
	EndGlobalSection
	GlobalSection(ExtensibilityGlobals) = postSolution
		SolutionGuid = {83D9E852-79F9-475A-91A2-87085AACCF00}
	EndGlobalSection
EndGlobal
