
Microsoft Visual Studio Solution File, Format Version 12.00
# Visual Studio Version 16
VisualStudioVersion = 16.0.31205.134
MinimumVisualStudioVersion = 10.0.40219.1
Project("{FAE04EC0-301F-11D3-BF4B-00C04F79EFBC}") = "ProjetoLocadora", "ProjetoLocadora\ProjetoLocadora.csproj", "{77197730-32D4-45EF-B12A-2256E89E976B}"
EndProject
Project("{FAE04EC0-301F-11D3-BF4B-00C04F79EFBC}") = "Model", "Model\Model.csproj", "{916C904E-878A-45C6-A768-357D220C67AB}"
EndProject
Project("{FAE04EC0-301F-11D3-BF4B-00C04F79EFBC}") = "Dal", "Dal\Dal.csproj", "{CC85D7F3-EDEB-49B9-9572-3995D23615A0}"
EndProject
Global
	GlobalSection(SolutionConfigurationPlatforms) = preSolution
		Debug|Any CPU = Debug|Any CPU
		Release|Any CPU = Release|Any CPU
	EndGlobalSection
	GlobalSection(ProjectConfigurationPlatforms) = postSolution
		{77197730-32D4-45EF-B12A-2256E89E976B}.Debug|Any CPU.ActiveCfg = Debug|Any CPU
		{77197730-32D4-45EF-B12A-2256E89E976B}.Debug|Any CPU.Build.0 = Debug|Any CPU
		{77197730-32D4-45EF-B12A-2256E89E976B}.Release|Any CPU.ActiveCfg = Release|Any CPU
		{77197730-32D4-45EF-B12A-2256E89E976B}.Release|Any CPU.Build.0 = Release|Any CPU
		{916C904E-878A-45C6-A768-357D220C67AB}.Debug|Any CPU.ActiveCfg = Debug|Any CPU
		{916C904E-878A-45C6-A768-357D220C67AB}.Debug|Any CPU.Build.0 = Debug|Any CPU
		{916C904E-878A-45C6-A768-357D220C67AB}.Release|Any CPU.ActiveCfg = Release|Any CPU
		{916C904E-878A-45C6-A768-357D220C67AB}.Release|Any CPU.Build.0 = Release|Any CPU
		{CC85D7F3-EDEB-49B9-9572-3995D23615A0}.Debug|Any CPU.ActiveCfg = Debug|Any CPU
		{CC85D7F3-EDEB-49B9-9572-3995D23615A0}.Debug|Any CPU.Build.0 = Debug|Any CPU
		{CC85D7F3-EDEB-49B9-9572-3995D23615A0}.Release|Any CPU.ActiveCfg = Release|Any CPU
		{CC85D7F3-EDEB-49B9-9572-3995D23615A0}.Release|Any CPU.Build.0 = Release|Any CPU
	EndGlobalSection
	GlobalSection(SolutionProperties) = preSolution
		HideSolutionNode = FALSE
	EndGlobalSection
	GlobalSection(ExtensibilityGlobals) = postSolution
		SolutionGuid = {AABC46F3-2E7D-479B-8F92-6B2205ACE8FA}
	EndGlobalSection
EndGlobal
